// !$*UTF8*$!
{
	archiveVersion = 1;
	classes = {
	};
	objectVersion = 56;
	objects = {

/* Begin PBXBuildFile section */
		12041D872BE4BD2A009997E6 /* ApiServiceProtocol.swift in Sources */ = {isa = PBXBuildFile; fileRef = 12041D862BE4BD2A009997E6 /* ApiServiceProtocol.swift */; };
		1218014C2BE6097600373FC8 /* DbPostModelExtension.swift in Sources */ = {isa = PBXBuildFile; fileRef = 1218014B2BE6097600373FC8 /* DbPostModelExtension.swift */; };
		128710A32BDD1A5500A44B4C /* HomeworkApp.swift in Sources */ = {isa = PBXBuildFile; fileRef = 128710A22BDD1A5500A44B4C /* HomeworkApp.swift */; };
		128710A52BDD1A5500A44B4C /* PostsScreenView.swift in Sources */ = {isa = PBXBuildFile; fileRef = 128710A42BDD1A5500A44B4C /* PostsScreenView.swift */; };
		128710A72BDD1A5600A44B4C /* Assets.xcassets in Resources */ = {isa = PBXBuildFile; fileRef = 128710A62BDD1A5600A44B4C /* Assets.xcassets */; };
		128710AA2BDD1A5600A44B4C /* Preview Assets.xcassets in Resources */ = {isa = PBXBuildFile; fileRef = 128710A92BDD1A5600A44B4C /* Preview Assets.xcassets */; };
		128710BE2BDD1A5600A44B4C /* HomeworkUITests.swift in Sources */ = {isa = PBXBuildFile; fileRef = 128710BD2BDD1A5600A44B4C /* HomeworkUITests.swift */; };
		128710C02BDD1A5600A44B4C /* HomeworkUITestsLaunchTests.swift in Sources */ = {isa = PBXBuildFile; fileRef = 128710BF2BDD1A5600A44B4C /* HomeworkUITestsLaunchTests.swift */; };
		128710CD2BDD1D8400A44B4C /* ApiPostModel.swift in Sources */ = {isa = PBXBuildFile; fileRef = 128710CC2BDD1D8400A44B4C /* ApiPostModel.swift */; };
		128710D32BDD24C800A44B4C /* ApiService.swift in Sources */ = {isa = PBXBuildFile; fileRef = 128710D22BDD24C800A44B4C /* ApiService.swift */; };
		128710EA2BDE321700A44B4C /* ApiUserModel.swift in Sources */ = {isa = PBXBuildFile; fileRef = 128710E92BDE321700A44B4C /* ApiUserModel.swift */; };
		129655F12BE4DB5900A36E79 /* PostDaoProtocol.swift in Sources */ = {isa = PBXBuildFile; fileRef = 129655F02BE4DB5900A36E79 /* PostDaoProtocol.swift */; };
		12AE0C8A2BE60C2900E2DACF /* PostRepositoryProtocol.swift in Sources */ = {isa = PBXBuildFile; fileRef = 12AE0C892BE60C2900E2DACF /* PostRepositoryProtocol.swift */; };
		12C643092BE0E4FF00B2C454 /* PostDao.swift in Sources */ = {isa = PBXBuildFile; fileRef = 12C643082BE0E4FF00B2C454 /* PostDao.swift */; };
		12C6430C2BE0EC4200B2C454 /* Homework.xcdatamodeld in Sources */ = {isa = PBXBuildFile; fileRef = 12C6430A2BE0EC4200B2C454 /* Homework.xcdatamodeld */; };
		12C6430E2BE0F5D000B2C454 /* PostRepository.swift in Sources */ = {isa = PBXBuildFile; fileRef = 12C6430D2BE0F5D000B2C454 /* PostRepository.swift */; };
		12C643122BE100B100B2C454 /* PostsViewModel.swift in Sources */ = {isa = PBXBuildFile; fileRef = 12C643112BE100B100B2C454 /* PostsViewModel.swift */; };
		12C643162BE101CC00B2C454 /* MainScreen.swift in Sources */ = {isa = PBXBuildFile; fileRef = 12C643152BE101CC00B2C454 /* MainScreen.swift */; };
		12C643182BE1314400B2C454 /* Mapper.swift in Sources */ = {isa = PBXBuildFile; fileRef = 12C643172BE1314400B2C454 /* Mapper.swift */; };
		12D003C32BE21FE9000A5DE6 /* PostEntity.swift in Sources */ = {isa = PBXBuildFile; fileRef = 12D003C22BE21FE9000A5DE6 /* PostEntity.swift */; };
		12E02CEE2BE6322400C076E9 /* String.swift in Sources */ = {isa = PBXBuildFile; fileRef = 12E02CED2BE6322400C076E9 /* String.swift */; };
		12E02CF82BE6369100C076E9 /* HomeworkTests.swift in Sources */ = {isa = PBXBuildFile; fileRef = 12E02CF72BE6369100C076E9 /* HomeworkTests.swift */; };
/* End PBXBuildFile section */

/* Begin PBXContainerItemProxy section */
		128710BA2BDD1A5600A44B4C /* PBXContainerItemProxy */ = {
			isa = PBXContainerItemProxy;
			containerPortal = 128710972BDD1A5500A44B4C /* Project object */;
			proxyType = 1;
			remoteGlobalIDString = 1287109E2BDD1A5500A44B4C;
			remoteInfo = Homework;
		};
		12E02CF92BE6369100C076E9 /* PBXContainerItemProxy */ = {
			isa = PBXContainerItemProxy;
			containerPortal = 128710972BDD1A5500A44B4C /* Project object */;
			proxyType = 1;
			remoteGlobalIDString = 1287109E2BDD1A5500A44B4C;
			remoteInfo = Homework;
		};
/* End PBXContainerItemProxy section */

/* Begin PBXFileReference section */
		12041D862BE4BD2A009997E6 /* ApiServiceProtocol.swift */ = {isa = PBXFileReference; lastKnownFileType = sourcecode.swift; path = ApiServiceProtocol.swift; sourceTree = "<group>"; };
		1218014B2BE6097600373FC8 /* DbPostModelExtension.swift */ = {isa = PBXFileReference; lastKnownFileType = sourcecode.swift; path = DbPostModelExtension.swift; sourceTree = "<group>"; };
		1287109F2BDD1A5500A44B4C /* Homework.app */ = {isa = PBXFileReference; explicitFileType = wrapper.application; includeInIndex = 0; path = Homework.app; sourceTree = BUILT_PRODUCTS_DIR; };
		128710A22BDD1A5500A44B4C /* HomeworkApp.swift */ = {isa = PBXFileReference; lastKnownFileType = sourcecode.swift; path = HomeworkApp.swift; sourceTree = "<group>"; };
		128710A42BDD1A5500A44B4C /* PostsScreenView.swift */ = {isa = PBXFileReference; lastKnownFileType = sourcecode.swift; path = PostsScreenView.swift; sourceTree = "<group>"; };
		128710A62BDD1A5600A44B4C /* Assets.xcassets */ = {isa = PBXFileReference; lastKnownFileType = folder.assetcatalog; path = Assets.xcassets; sourceTree = "<group>"; };
		128710A92BDD1A5600A44B4C /* Preview Assets.xcassets */ = {isa = PBXFileReference; lastKnownFileType = folder.assetcatalog; path = "Preview Assets.xcassets"; sourceTree = "<group>"; };
		128710B92BDD1A5600A44B4C /* HomeworkUITests.xctest */ = {isa = PBXFileReference; explicitFileType = wrapper.cfbundle; includeInIndex = 0; path = HomeworkUITests.xctest; sourceTree = BUILT_PRODUCTS_DIR; };
		128710BD2BDD1A5600A44B4C /* HomeworkUITests.swift */ = {isa = PBXFileReference; lastKnownFileType = sourcecode.swift; path = HomeworkUITests.swift; sourceTree = "<group>"; };
		128710BF2BDD1A5600A44B4C /* HomeworkUITestsLaunchTests.swift */ = {isa = PBXFileReference; lastKnownFileType = sourcecode.swift; path = HomeworkUITestsLaunchTests.swift; sourceTree = "<group>"; };
		128710CC2BDD1D8400A44B4C /* ApiPostModel.swift */ = {isa = PBXFileReference; lastKnownFileType = sourcecode.swift; path = ApiPostModel.swift; sourceTree = "<group>"; };
		128710D22BDD24C800A44B4C /* ApiService.swift */ = {isa = PBXFileReference; lastKnownFileType = sourcecode.swift; path = ApiService.swift; sourceTree = "<group>"; };
		128710E92BDE321700A44B4C /* ApiUserModel.swift */ = {isa = PBXFileReference; lastKnownFileType = sourcecode.swift; path = ApiUserModel.swift; sourceTree = "<group>"; };
		129655F02BE4DB5900A36E79 /* PostDaoProtocol.swift */ = {isa = PBXFileReference; lastKnownFileType = sourcecode.swift; path = PostDaoProtocol.swift; sourceTree = "<group>"; };
		12AE0C892BE60C2900E2DACF /* PostRepositoryProtocol.swift */ = {isa = PBXFileReference; lastKnownFileType = sourcecode.swift; path = PostRepositoryProtocol.swift; sourceTree = "<group>"; };
		12C643082BE0E4FF00B2C454 /* PostDao.swift */ = {isa = PBXFileReference; lastKnownFileType = sourcecode.swift; path = PostDao.swift; sourceTree = "<group>"; };
		12C6430B2BE0EC4200B2C454 /* DBPostModel.xcdatamodel */ = {isa = PBXFileReference; lastKnownFileType = wrapper.xcdatamodel; path = DBPostModel.xcdatamodel; sourceTree = "<group>"; };
		12C6430D2BE0F5D000B2C454 /* PostRepository.swift */ = {isa = PBXFileReference; lastKnownFileType = sourcecode.swift; path = PostRepository.swift; sourceTree = "<group>"; };
		12C643112BE100B100B2C454 /* PostsViewModel.swift */ = {isa = PBXFileReference; lastKnownFileType = sourcecode.swift; path = PostsViewModel.swift; sourceTree = "<group>"; };
		12C643152BE101CC00B2C454 /* MainScreen.swift */ = {isa = PBXFileReference; lastKnownFileType = sourcecode.swift; path = MainScreen.swift; sourceTree = "<group>"; };
		12C643172BE1314400B2C454 /* Mapper.swift */ = {isa = PBXFileReference; lastKnownFileType = sourcecode.swift; path = Mapper.swift; sourceTree = "<group>"; };
		12D003C22BE21FE9000A5DE6 /* PostEntity.swift */ = {isa = PBXFileReference; lastKnownFileType = sourcecode.swift; path = PostEntity.swift; sourceTree = "<group>"; };
		12E02CED2BE6322400C076E9 /* String.swift */ = {isa = PBXFileReference; lastKnownFileType = sourcecode.swift; path = String.swift; sourceTree = "<group>"; };
		12E02CF52BE6369100C076E9 /* HomeworkTests.xctest */ = {isa = PBXFileReference; explicitFileType = wrapper.cfbundle; includeInIndex = 0; path = HomeworkTests.xctest; sourceTree = BUILT_PRODUCTS_DIR; };
		12E02CF72BE6369100C076E9 /* HomeworkTests.swift */ = {isa = PBXFileReference; lastKnownFileType = sourcecode.swift; path = HomeworkTests.swift; sourceTree = "<group>"; };
		12E02CFE2BE636BF00C076E9 /* Homework.xctestplan */ = {isa = PBXFileReference; lastKnownFileType = text; path = Homework.xctestplan; sourceTree = "<group>"; };
/* End PBXFileReference section */

/* Begin PBXFrameworksBuildPhase section */
		1287109C2BDD1A5500A44B4C /* Frameworks */ = {
			isa = PBXFrameworksBuildPhase;
			buildActionMask = 2147483647;
			files = (
			);
			runOnlyForDeploymentPostprocessing = 0;
		};
		128710B62BDD1A5600A44B4C /* Frameworks */ = {
			isa = PBXFrameworksBuildPhase;
			buildActionMask = 2147483647;
			files = (
			);
			runOnlyForDeploymentPostprocessing = 0;
		};
		12E02CF22BE6369100C076E9 /* Frameworks */ = {
			isa = PBXFrameworksBuildPhase;
			buildActionMask = 2147483647;
			files = (
			);
			runOnlyForDeploymentPostprocessing = 0;
		};
/* End PBXFrameworksBuildPhase section */

/* Begin PBXGroup section */
		128710962BDD1A5500A44B4C = {
			isa = PBXGroup;
			children = (
				12E02CFE2BE636BF00C076E9 /* Homework.xctestplan */,
				128710A12BDD1A5500A44B4C /* Homework */,
				128710BC2BDD1A5600A44B4C /* HomeworkUITests */,
				12E02CF62BE6369100C076E9 /* HomeworkTests */,
				128710A02BDD1A5500A44B4C /* Products */,
			);
			sourceTree = "<group>";
		};
		128710A02BDD1A5500A44B4C /* Products */ = {
			isa = PBXGroup;
			children = (
				1287109F2BDD1A5500A44B4C /* Homework.app */,
				128710B92BDD1A5600A44B4C /* HomeworkUITests.xctest */,
				12E02CF52BE6369100C076E9 /* HomeworkTests.xctest */,
			);
			name = Products;
			sourceTree = "<group>";
		};
		128710A12BDD1A5500A44B4C /* Homework */ = {
			isa = PBXGroup;
			children = (
				12E02CEC2BE631FC00C076E9 /* Extensions */,
				12C643042BE0E2FC00B2C454 /* Repository */,
				12C643032BE0E2D500B2C454 /* Services */,
				12C643022BE0E29100B2C454 /* UI */,
				128710A22BDD1A5500A44B4C /* HomeworkApp.swift */,
				128710A62BDD1A5600A44B4C /* Assets.xcassets */,
				128710A82BDD1A5600A44B4C /* Preview Content */,
			);
			path = Homework;
			sourceTree = "<group>";
		};
		128710A82BDD1A5600A44B4C /* Preview Content */ = {
			isa = PBXGroup;
			children = (
				128710A92BDD1A5600A44B4C /* Preview Assets.xcassets */,
			);
			path = "Preview Content";
			sourceTree = "<group>";
		};
		128710BC2BDD1A5600A44B4C /* HomeworkUITests */ = {
			isa = PBXGroup;
			children = (
				128710BD2BDD1A5600A44B4C /* HomeworkUITests.swift */,
				128710BF2BDD1A5600A44B4C /* HomeworkUITestsLaunchTests.swift */,
			);
			path = HomeworkUITests;
			sourceTree = "<group>";
		};
		128710D12BDD246B00A44B4C /* Api */ = {
			isa = PBXGroup;
			children = (
				12C643192BE131D300B2C454 /* Model */,
				128710D22BDD24C800A44B4C /* ApiService.swift */,
				12041D862BE4BD2A009997E6 /* ApiServiceProtocol.swift */,
			);
			path = Api;
			sourceTree = "<group>";
		};
		129655F22BE4DB9800A36E79 /* Model */ = {
			isa = PBXGroup;
			children = (
				12C6430A2BE0EC4200B2C454 /* Homework.xcdatamodeld */,
				1218014B2BE6097600373FC8 /* DbPostModelExtension.swift */,
			);
			path = Model;
			sourceTree = "<group>";
		};
		12C642FF2BE0DF8000B2C454 /* Dao */ = {
			isa = PBXGroup;
			children = (
				129655F22BE4DB9800A36E79 /* Model */,
				12C643082BE0E4FF00B2C454 /* PostDao.swift */,
				129655F02BE4DB5900A36E79 /* PostDaoProtocol.swift */,
			);
			path = Dao;
			sourceTree = "<group>";
		};
		12C643022BE0E29100B2C454 /* UI */ = {
			isa = PBXGroup;
			children = (
				12C643142BE1012400B2C454 /* posts */,
				12C643152BE101CC00B2C454 /* MainScreen.swift */,
			);
			path = UI;
			sourceTree = "<group>";
		};
		12C643032BE0E2D500B2C454 /* Services */ = {
			isa = PBXGroup;
			children = (
				128710D12BDD246B00A44B4C /* Api */,
				12C642FF2BE0DF8000B2C454 /* Dao */,
			);
			path = Services;
			sourceTree = "<group>";
		};
		12C643042BE0E2FC00B2C454 /* Repository */ = {
			isa = PBXGroup;
			children = (
				12C6431A2BE131E800B2C454 /* Entity */,
				12C6431E2BE1323F00B2C454 /* Mapper */,
				12C6430D2BE0F5D000B2C454 /* PostRepository.swift */,
				12AE0C892BE60C2900E2DACF /* PostRepositoryProtocol.swift */,
			);
			path = Repository;
			sourceTree = "<group>";
		};
		12C643142BE1012400B2C454 /* posts */ = {
			isa = PBXGroup;
			children = (
				12C643112BE100B100B2C454 /* PostsViewModel.swift */,
				128710A42BDD1A5500A44B4C /* PostsScreenView.swift */,
			);
			path = posts;
			sourceTree = "<group>";
		};
		12C643192BE131D300B2C454 /* Model */ = {
			isa = PBXGroup;
			children = (
				128710CC2BDD1D8400A44B4C /* ApiPostModel.swift */,
				128710E92BDE321700A44B4C /* ApiUserModel.swift */,
			);
			path = Model;
			sourceTree = "<group>";
		};
		12C6431A2BE131E800B2C454 /* Entity */ = {
			isa = PBXGroup;
			children = (
				12D003C22BE21FE9000A5DE6 /* PostEntity.swift */,
			);
			path = Entity;
			sourceTree = "<group>";
		};
		12C6431E2BE1323F00B2C454 /* Mapper */ = {
			isa = PBXGroup;
			children = (
				12C643172BE1314400B2C454 /* Mapper.swift */,
			);
			path = Mapper;
			sourceTree = "<group>";
		};
		12E02CEC2BE631FC00C076E9 /* Extensions */ = {
			isa = PBXGroup;
			children = (
				12E02CED2BE6322400C076E9 /* String.swift */,
			);
			path = Extensions;
			sourceTree = "<group>";
		};
		12E02CF62BE6369100C076E9 /* HomeworkTests */ = {
			isa = PBXGroup;
			children = (
				12E02CF72BE6369100C076E9 /* HomeworkTests.swift */,
			);
			path = HomeworkTests;
			sourceTree = "<group>";
		};
/* End PBXGroup section */

/* Begin PBXNativeTarget section */
		1287109E2BDD1A5500A44B4C /* Homework */ = {
			isa = PBXNativeTarget;
			buildConfigurationList = 128710C32BDD1A5600A44B4C /* Build configuration list for PBXNativeTarget "Homework" */;
			buildPhases = (
				1287109B2BDD1A5500A44B4C /* Sources */,
				1287109C2BDD1A5500A44B4C /* Frameworks */,
				1287109D2BDD1A5500A44B4C /* Resources */,
			);
			buildRules = (
			);
			dependencies = (
			);
			name = Homework;
			packageProductDependencies = (
			);
			productName = Homework;
			productReference = 1287109F2BDD1A5500A44B4C /* Homework.app */;
			productType = "com.apple.product-type.application";
		};
		128710B82BDD1A5600A44B4C /* HomeworkUITests */ = {
			isa = PBXNativeTarget;
			buildConfigurationList = 128710C92BDD1A5600A44B4C /* Build configuration list for PBXNativeTarget "HomeworkUITests" */;
			buildPhases = (
				128710B52BDD1A5600A44B4C /* Sources */,
				128710B62BDD1A5600A44B4C /* Frameworks */,
				128710B72BDD1A5600A44B4C /* Resources */,
			);
			buildRules = (
			);
			dependencies = (
				128710BB2BDD1A5600A44B4C /* PBXTargetDependency */,
			);
			name = HomeworkUITests;
			productName = HomeworkUITests;
			productReference = 128710B92BDD1A5600A44B4C /* HomeworkUITests.xctest */;
			productType = "com.apple.product-type.bundle.ui-testing";
		};
		12E02CF42BE6369100C076E9 /* HomeworkTests */ = {
			isa = PBXNativeTarget;
			buildConfigurationList = 12E02CFB2BE6369100C076E9 /* Build configuration list for PBXNativeTarget "HomeworkTests" */;
			buildPhases = (
				12E02CF12BE6369100C076E9 /* Sources */,
				12E02CF22BE6369100C076E9 /* Frameworks */,
				12E02CF32BE6369100C076E9 /* Resources */,
			);
			buildRules = (
			);
			dependencies = (
				12E02CFA2BE6369100C076E9 /* PBXTargetDependency */,
			);
			name = HomeworkTests;
			productName = HomeworkTests;
			productReference = 12E02CF52BE6369100C076E9 /* HomeworkTests.xctest */;
			productType = "com.apple.product-type.bundle.unit-test";
		};
/* End PBXNativeTarget section */

/* Begin PBXProject section */
		128710972BDD1A5500A44B4C /* Project object */ = {
			isa = PBXProject;
			attributes = {
				BuildIndependentTargetsInParallel = 1;
				LastSwiftUpdateCheck = 1530;
				LastUpgradeCheck = 1530;
				TargetAttributes = {
					1287109E2BDD1A5500A44B4C = {
						CreatedOnToolsVersion = 15.3;
					};
					128710B82BDD1A5600A44B4C = {
						CreatedOnToolsVersion = 15.3;
						TestTargetID = 1287109E2BDD1A5500A44B4C;
					};
					12E02CF42BE6369100C076E9 = {
						CreatedOnToolsVersion = 15.3;
						TestTargetID = 1287109E2BDD1A5500A44B4C;
					};
				};
			};
			buildConfigurationList = 1287109A2BDD1A5500A44B4C /* Build configuration list for PBXProject "Homework" */;
			compatibilityVersion = "Xcode 14.0";
			developmentRegion = en;
			hasScannedForEncodings = 0;
			knownRegions = (
				en,
				Base,
			);
			mainGroup = 128710962BDD1A5500A44B4C;
			packageReferences = (
			);
			productRefGroup = 128710A02BDD1A5500A44B4C /* Products */;
			projectDirPath = "";
			projectRoot = "";
			targets = (
				1287109E2BDD1A5500A44B4C /* Homework */,
				128710B82BDD1A5600A44B4C /* HomeworkUITests */,
				12E02CF42BE6369100C076E9 /* HomeworkTests */,
			);
		};
/* End PBXProject section */

/* Begin PBXResourcesBuildPhase section */
		1287109D2BDD1A5500A44B4C /* Resources */ = {
			isa = PBXResourcesBuildPhase;
			buildActionMask = 2147483647;
			files = (
				128710AA2BDD1A5600A44B4C /* Preview Assets.xcassets in Resources */,
				128710A72BDD1A5600A44B4C /* Assets.xcassets in Resources */,
			);
			runOnlyForDeploymentPostprocessing = 0;
		};
		128710B72BDD1A5600A44B4C /* Resources */ = {
			isa = PBXResourcesBuildPhase;
			buildActionMask = 2147483647;
			files = (
			);
			runOnlyForDeploymentPostprocessing = 0;
		};
		12E02CF32BE6369100C076E9 /* Resources */ = {
			isa = PBXResourcesBuildPhase;
			buildActionMask = 2147483647;
			files = (
			);
			runOnlyForDeploymentPostprocessing = 0;
		};
/* End PBXResourcesBuildPhase section */

/* Begin PBXSourcesBuildPhase section */
		1287109B2BDD1A5500A44B4C /* Sources */ = {
			isa = PBXSourcesBuildPhase;
			buildActionMask = 2147483647;
			files = (
				128710CD2BDD1D8400A44B4C /* ApiPostModel.swift in Sources */,
				12C643122BE100B100B2C454 /* PostsViewModel.swift in Sources */,
				12C6430E2BE0F5D000B2C454 /* PostRepository.swift in Sources */,
				12C643162BE101CC00B2C454 /* MainScreen.swift in Sources */,
				12C643182BE1314400B2C454 /* Mapper.swift in Sources */,
				1218014C2BE6097600373FC8 /* DbPostModelExtension.swift in Sources */,
				12041D872BE4BD2A009997E6 /* ApiServiceProtocol.swift in Sources */,
				12D003C32BE21FE9000A5DE6 /* PostEntity.swift in Sources */,
				128710EA2BDE321700A44B4C /* ApiUserModel.swift in Sources */,
				128710A52BDD1A5500A44B4C /* PostsScreenView.swift in Sources */,
				12C643092BE0E4FF00B2C454 /* PostDao.swift in Sources */,
				12C6430C2BE0EC4200B2C454 /* Homework.xcdatamodeld in Sources */,
				128710D32BDD24C800A44B4C /* ApiService.swift in Sources */,
				128710A32BDD1A5500A44B4C /* HomeworkApp.swift in Sources */,
				12E02CEE2BE6322400C076E9 /* String.swift in Sources */,
				129655F12BE4DB5900A36E79 /* PostDaoProtocol.swift in Sources */,
				12AE0C8A2BE60C2900E2DACF /* PostRepositoryProtocol.swift in Sources */,
			);
			runOnlyForDeploymentPostprocessing = 0;
		};
		128710B52BDD1A5600A44B4C /* Sources */ = {
			isa = PBXSourcesBuildPhase;
			buildActionMask = 2147483647;
			files = (
				128710C02BDD1A5600A44B4C /* HomeworkUITestsLaunchTests.swift in Sources */,
				128710BE2BDD1A5600A44B4C /* HomeworkUITests.swift in Sources */,
			);
			runOnlyForDeploymentPostprocessing = 0;
		};
		12E02CF12BE6369100C076E9 /* Sources */ = {
			isa = PBXSourcesBuildPhase;
			buildActionMask = 2147483647;
			files = (
				12E02CF82BE6369100C076E9 /* HomeworkTests.swift in Sources */,
			);
			runOnlyForDeploymentPostprocessing = 0;
		};
/* End PBXSourcesBuildPhase section */

/* Begin PBXTargetDependency section */
		128710BB2BDD1A5600A44B4C /* PBXTargetDependency */ = {
			isa = PBXTargetDependency;
			target = 1287109E2BDD1A5500A44B4C /* Homework */;
			targetProxy = 128710BA2BDD1A5600A44B4C /* PBXContainerItemProxy */;
		};
		12E02CFA2BE6369100C076E9 /* PBXTargetDependency */ = {
			isa = PBXTargetDependency;
			target = 1287109E2BDD1A5500A44B4C /* Homework */;
			targetProxy = 12E02CF92BE6369100C076E9 /* PBXContainerItemProxy */;
		};
/* End PBXTargetDependency section */

/* Begin XCBuildConfiguration section */
		128710C12BDD1A5600A44B4C /* Debug */ = {
			isa = XCBuildConfiguration;
			buildSettings = {
				ALWAYS_SEARCH_USER_PATHS = NO;
				ASSETCATALOG_COMPILER_GENERATE_SWIFT_ASSET_SYMBOL_EXTENSIONS = YES;
				CLANG_ANALYZER_NONNULL = YES;
				CLANG_ANALYZER_NUMBER_OBJECT_CONVERSION = YES_AGGRESSIVE;
				CLANG_CXX_LANGUAGE_STANDARD = "gnu++20";
				CLANG_ENABLE_MODULES = YES;
				CLANG_ENABLE_OBJC_ARC = YES;
				CLANG_ENABLE_OBJC_WEAK = YES;
				CLANG_WARN_BLOCK_CAPTURE_AUTORELEASING = YES;
				CLANG_WARN_BOOL_CONVERSION = YES;
				CLANG_WARN_COMMA = YES;
				CLANG_WARN_CONSTANT_CONVERSION = YES;
				CLANG_WARN_DEPRECATED_OBJC_IMPLEMENTATIONS = YES;
				CLANG_WARN_DIRECT_OBJC_ISA_USAGE = YES_ERROR;
				CLANG_WARN_DOCUMENTATION_COMMENTS = YES;
				CLANG_WARN_EMPTY_BODY = YES;
				CLANG_WARN_ENUM_CONVERSION = YES;
				CLANG_WARN_INFINITE_RECURSION = YES;
				CLANG_WARN_INT_CONVERSION = YES;
				CLANG_WARN_NON_LITERAL_NULL_CONVERSION = YES;
				CLANG_WARN_OBJC_IMPLICIT_RETAIN_SELF = YES;
				CLANG_WARN_OBJC_LITERAL_CONVERSION = YES;
				CLANG_WARN_OBJC_ROOT_CLASS = YES_ERROR;
				CLANG_WARN_QUOTED_INCLUDE_IN_FRAMEWORK_HEADER = YES;
				CLANG_WARN_RANGE_LOOP_ANALYSIS = YES;
				CLANG_WARN_STRICT_PROTOTYPES = YES;
				CLANG_WARN_SUSPICIOUS_MOVE = YES;
				CLANG_WARN_UNGUARDED_AVAILABILITY = YES_AGGRESSIVE;
				CLANG_WARN_UNREACHABLE_CODE = YES;
				CLANG_WARN__DUPLICATE_METHOD_MATCH = YES;
				COPY_PHASE_STRIP = NO;
				DEBUG_INFORMATION_FORMAT = dwarf;
				ENABLE_STRICT_OBJC_MSGSEND = YES;
				ENABLE_TESTABILITY = YES;
				ENABLE_USER_SCRIPT_SANDBOXING = YES;
				GCC_C_LANGUAGE_STANDARD = gnu17;
				GCC_DYNAMIC_NO_PIC = NO;
				GCC_NO_COMMON_BLOCKS = YES;
				GCC_OPTIMIZATION_LEVEL = 0;
				GCC_PREPROCESSOR_DEFINITIONS = (
					"DEBUG=1",
					"$(inherited)",
				);
				GCC_WARN_64_TO_32_BIT_CONVERSION = YES;
				GCC_WARN_ABOUT_RETURN_TYPE = YES_ERROR;
				GCC_WARN_UNDECLARED_SELECTOR = YES;
				GCC_WARN_UNINITIALIZED_AUTOS = YES_AGGRESSIVE;
				GCC_WARN_UNUSED_FUNCTION = YES;
				GCC_WARN_UNUSED_VARIABLE = YES;
				IPHONEOS_DEPLOYMENT_TARGET = 17.4;
				LOCALIZATION_PREFERS_STRING_CATALOGS = YES;
				MTL_ENABLE_DEBUG_INFO = INCLUDE_SOURCE;
				MTL_FAST_MATH = YES;
				ONLY_ACTIVE_ARCH = YES;
				SDKROOT = iphoneos;
				SWIFT_ACTIVE_COMPILATION_CONDITIONS = "DEBUG $(inherited)";
				SWIFT_OPTIMIZATION_LEVEL = "-Onone";
			};
			name = Debug;
		};
		128710C22BDD1A5600A44B4C /* Release */ = {
			isa = XCBuildConfiguration;
			buildSettings = {
				ALWAYS_SEARCH_USER_PATHS = NO;
				ASSETCATALOG_COMPILER_GENERATE_SWIFT_ASSET_SYMBOL_EXTENSIONS = YES;
				CLANG_ANALYZER_NONNULL = YES;
				CLANG_ANALYZER_NUMBER_OBJECT_CONVERSION = YES_AGGRESSIVE;
				CLANG_CXX_LANGUAGE_STANDARD = "gnu++20";
				CLANG_ENABLE_MODULES = YES;
				CLANG_ENABLE_OBJC_ARC = YES;
				CLANG_ENABLE_OBJC_WEAK = YES;
				CLANG_WARN_BLOCK_CAPTURE_AUTORELEASING = YES;
				CLANG_WARN_BOOL_CONVERSION = YES;
				CLANG_WARN_COMMA = YES;
				CLANG_WARN_CONSTANT_CONVERSION = YES;
				CLANG_WARN_DEPRECATED_OBJC_IMPLEMENTATIONS = YES;
				CLANG_WARN_DIRECT_OBJC_ISA_USAGE = YES_ERROR;
				CLANG_WARN_DOCUMENTATION_COMMENTS = YES;
				CLANG_WARN_EMPTY_BODY = YES;
				CLANG_WARN_ENUM_CONVERSION = YES;
				CLANG_WARN_INFINITE_RECURSION = YES;
				CLANG_WARN_INT_CONVERSION = YES;
				CLANG_WARN_NON_LITERAL_NULL_CONVERSION = YES;
				CLANG_WARN_OBJC_IMPLICIT_RETAIN_SELF = YES;
				CLANG_WARN_OBJC_LITERAL_CONVERSION = YES;
				CLANG_WARN_OBJC_ROOT_CLASS = YES_ERROR;
				CLANG_WARN_QUOTED_INCLUDE_IN_FRAMEWORK_HEADER = YES;
				CLANG_WARN_RANGE_LOOP_ANALYSIS = YES;
				CLANG_WARN_STRICT_PROTOTYPES = YES;
				CLANG_WARN_SUSPICIOUS_MOVE = YES;
				CLANG_WARN_UNGUARDED_AVAILABILITY = YES_AGGRESSIVE;
				CLANG_WARN_UNREACHABLE_CODE = YES;
				CLANG_WARN__DUPLICATE_METHOD_MATCH = YES;
				COPY_PHASE_STRIP = NO;
				DEBUG_INFORMATION_FORMAT = "dwarf-with-dsym";
				ENABLE_NS_ASSERTIONS = NO;
				ENABLE_STRICT_OBJC_MSGSEND = YES;
				ENABLE_USER_SCRIPT_SANDBOXING = YES;
				GCC_C_LANGUAGE_STANDARD = gnu17;
				GCC_NO_COMMON_BLOCKS = YES;
				GCC_WARN_64_TO_32_BIT_CONVERSION = YES;
				GCC_WARN_ABOUT_RETURN_TYPE = YES_ERROR;
				GCC_WARN_UNDECLARED_SELECTOR = YES;
				GCC_WARN_UNINITIALIZED_AUTOS = YES_AGGRESSIVE;
				GCC_WARN_UNUSED_FUNCTION = YES;
				GCC_WARN_UNUSED_VARIABLE = YES;
				IPHONEOS_DEPLOYMENT_TARGET = 17.4;
				LOCALIZATION_PREFERS_STRING_CATALOGS = YES;
				MTL_ENABLE_DEBUG_INFO = NO;
				MTL_FAST_MATH = YES;
				SDKROOT = iphoneos;
				SWIFT_COMPILATION_MODE = wholemodule;
				VALIDATE_PRODUCT = YES;
			};
			name = Release;
		};
		128710C42BDD1A5600A44B4C /* Debug */ = {
			isa = XCBuildConfiguration;
			buildSettings = {
				ASSETCATALOG_COMPILER_APPICON_NAME = AppIcon;
				ASSETCATALOG_COMPILER_GLOBAL_ACCENT_COLOR_NAME = AccentColor;
				CODE_SIGN_STYLE = Automatic;
				CURRENT_PROJECT_VERSION = 1;
				DEVELOPMENT_ASSET_PATHS = "\"Homework/Preview Content\"";
				DEVELOPMENT_TEAM = CQ6JSHCP7Q;
				ENABLE_PREVIEWS = YES;
				GENERATE_INFOPLIST_FILE = YES;
				INFOPLIST_KEY_UIApplicationSceneManifest_Generation = YES;
				INFOPLIST_KEY_UIApplicationSupportsIndirectInputEvents = YES;
				INFOPLIST_KEY_UILaunchScreen_Generation = YES;
				INFOPLIST_KEY_UISupportedInterfaceOrientations_iPad = "UIInterfaceOrientationPortrait UIInterfaceOrientationPortraitUpsideDown UIInterfaceOrientationLandscapeLeft UIInterfaceOrientationLandscapeRight";
				INFOPLIST_KEY_UISupportedInterfaceOrientations_iPhone = "UIInterfaceOrientationPortrait UIInterfaceOrientationLandscapeLeft UIInterfaceOrientationLandscapeRight";
				IPHONEOS_DEPLOYMENT_TARGET = 16.0;
				LD_RUNPATH_SEARCH_PATHS = (
					"$(inherited)",
					"@executable_path/Frameworks",
				);
				MARKETING_VERSION = 1.0;
				PRODUCT_BUNDLE_IDENTIFIER = com.junior.Homework;
				PRODUCT_NAME = "$(TARGET_NAME)";
				SWIFT_EMIT_LOC_STRINGS = YES;
				SWIFT_VERSION = 5.0;
				TARGETED_DEVICE_FAMILY = "1,2";
			};
			name = Debug;
		};
		128710C52BDD1A5600A44B4C /* Release */ = {
			isa = XCBuildConfiguration;
			buildSettings = {
				ASSETCATALOG_COMPILER_APPICON_NAME = AppIcon;
				ASSETCATALOG_COMPILER_GLOBAL_ACCENT_COLOR_NAME = AccentColor;
				CODE_SIGN_STYLE = Automatic;
				CURRENT_PROJECT_VERSION = 1;
				DEVELOPMENT_ASSET_PATHS = "\"Homework/Preview Content\"";
				DEVELOPMENT_TEAM = CQ6JSHCP7Q;
				ENABLE_PREVIEWS = YES;
				GENERATE_INFOPLIST_FILE = YES;
				INFOPLIST_KEY_UIApplicationSceneManifest_Generation = YES;
				INFOPLIST_KEY_UIApplicationSupportsIndirectInputEvents = YES;
				INFOPLIST_KEY_UILaunchScreen_Generation = YES;
				INFOPLIST_KEY_UISupportedInterfaceOrientations_iPad = "UIInterfaceOrientationPortrait UIInterfaceOrientationPortraitUpsideDown UIInterfaceOrientationLandscapeLeft UIInterfaceOrientationLandscapeRight";
				INFOPLIST_KEY_UISupportedInterfaceOrientations_iPhone = "UIInterfaceOrientationPortrait UIInterfaceOrientationLandscapeLeft UIInterfaceOrientationLandscapeRight";
				IPHONEOS_DEPLOYMENT_TARGET = 16.0;
				LD_RUNPATH_SEARCH_PATHS = (
					"$(inherited)",
					"@executable_path/Frameworks",
				);
				MARKETING_VERSION = 1.0;
				PRODUCT_BUNDLE_IDENTIFIER = com.junior.Homework;
				PRODUCT_NAME = "$(TARGET_NAME)";
				SWIFT_EMIT_LOC_STRINGS = YES;
				SWIFT_VERSION = 5.0;
				TARGETED_DEVICE_FAMILY = "1,2";
			};
			name = Release;
		};
		128710CA2BDD1A5600A44B4C /* Debug */ = {
			isa = XCBuildConfiguration;
			buildSettings = {
				ALWAYS_EMBED_SWIFT_STANDARD_LIBRARIES = YES;
				CODE_SIGN_STYLE = Automatic;
				CURRENT_PROJECT_VERSION = 1;
				DEVELOPMENT_TEAM = CQ6JSHCP7Q;
				GENERATE_INFOPLIST_FILE = YES;
				MARKETING_VERSION = 1.0;
				PRODUCT_BUNDLE_IDENTIFIER = com.junior.HomeworkUITests;
				PRODUCT_NAME = "$(TARGET_NAME)";
				SWIFT_EMIT_LOC_STRINGS = NO;
				SWIFT_VERSION = 5.0;
				TARGETED_DEVICE_FAMILY = "1,2";
				TEST_TARGET_NAME = Homework;
			};
			name = Debug;
		};
		128710CB2BDD1A5600A44B4C /* Release */ = {
			isa = XCBuildConfiguration;
			buildSettings = {
				ALWAYS_EMBED_SWIFT_STANDARD_LIBRARIES = YES;
				CODE_SIGN_STYLE = Automatic;
				CURRENT_PROJECT_VERSION = 1;
				DEVELOPMENT_TEAM = CQ6JSHCP7Q;
				GENERATE_INFOPLIST_FILE = YES;
				MARKETING_VERSION = 1.0;
				PRODUCT_BUNDLE_IDENTIFIER = com.junior.HomeworkUITests;
				PRODUCT_NAME = "$(TARGET_NAME)";
				SWIFT_EMIT_LOC_STRINGS = NO;
				SWIFT_VERSION = 5.0;
				TARGETED_DEVICE_FAMILY = "1,2";
				TEST_TARGET_NAME = Homework;
			};
			name = Release;
		};
		12E02CFC2BE6369100C076E9 /* Debug */ = {
			isa = XCBuildConfiguration;
			buildSettings = {
				BUNDLE_LOADER = "$(TEST_HOST)";
				CODE_SIGN_STYLE = Automatic;
				CURRENT_PROJECT_VERSION = 1;
				DEVELOPMENT_TEAM = CQ6JSHCP7Q;
				GENERATE_INFOPLIST_FILE = YES;
				MARKETING_VERSION = 1.0;
				PRODUCT_BUNDLE_IDENTIFIER = com.junior.HomeworkTests;
				PRODUCT_NAME = "$(TARGET_NAME)";
				SWIFT_EMIT_LOC_STRINGS = NO;
				SWIFT_VERSION = 5.0;
				TARGETED_DEVICE_FAMILY = "1,2";
				TEST_HOST = "$(BUILT_PRODUCTS_DIR)/Homework.app/$(BUNDLE_EXECUTABLE_FOLDER_PATH)/Homework";
			};
			name = Debug;
		};
		12E02CFD2BE6369100C076E9 /* Release */ = {
			isa = XCBuildConfiguration;
			buildSettings = {
				BUNDLE_LOADER = "$(TEST_HOST)";
				CODE_SIGN_STYLE = Automatic;
				CURRENT_PROJECT_VERSION = 1;
				DEVELOPMENT_TEAM = CQ6JSHCP7Q;
				GENERATE_INFOPLIST_FILE = YES;
				MARKETING_VERSION = 1.0;
				PRODUCT_BUNDLE_IDENTIFIER = com.junior.HomeworkTests;
				PRODUCT_NAME = "$(TARGET_NAME)";
				SWIFT_EMIT_LOC_STRINGS = NO;
				SWIFT_VERSION = 5.0;
				TARGETED_DEVICE_FAMILY = "1,2";
				TEST_HOST = "$(BUILT_PRODUCTS_DIR)/Homework.app/$(BUNDLE_EXECUTABLE_FOLDER_PATH)/Homework";
			};
			name = Release;
		};
/* End XCBuildConfiguration section */

/* Begin XCConfigurationList section */
		1287109A2BDD1A5500A44B4C /* Build configuration list for PBXProject "Homework" */ = {
			isa = XCConfigurationList;
			buildConfigurations = (
				128710C12BDD1A5600A44B4C /* Debug */,
				128710C22BDD1A5600A44B4C /* Release */,
			);
			defaultConfigurationIsVisible = 0;
			defaultConfigurationName = Release;
		};
		128710C32BDD1A5600A44B4C /* Build configuration list for PBXNativeTarget "Homework" */ = {
			isa = XCConfigurationList;
			buildConfigurations = (
				128710C42BDD1A5600A44B4C /* Debug */,
				128710C52BDD1A5600A44B4C /* Release */,
			);
			defaultConfigurationIsVisible = 0;
			defaultConfigurationName = Release;
		};
		128710C92BDD1A5600A44B4C /* Build configuration list for PBXNativeTarget "HomeworkUITests" */ = {
			isa = XCConfigurationList;
			buildConfigurations = (
				128710CA2BDD1A5600A44B4C /* Debug */,
				128710CB2BDD1A5600A44B4C /* Release */,
			);
			defaultConfigurationIsVisible = 0;
			defaultConfigurationName = Release;
		};
		12E02CFB2BE6369100C076E9 /* Build configuration list for PBXNativeTarget "HomeworkTests" */ = {
			isa = XCConfigurationList;
			buildConfigurations = (
				12E02CFC2BE6369100C076E9 /* Debug */,
				12E02CFD2BE6369100C076E9 /* Release */,
			);
			defaultConfigurationIsVisible = 0;
			defaultConfigurationName = Release;
		};
/* End XCConfigurationList section */

/* Begin XCVersionGroup section */
		12C6430A2BE0EC4200B2C454 /* Homework.xcdatamodeld */ = {
			isa = XCVersionGroup;
			children = (
				12C6430B2BE0EC4200B2C454 /* DBPostModel.xcdatamodel */,
			);
			currentVersion = 12C6430B2BE0EC4200B2C454 /* DBPostModel.xcdatamodel */;
			path = Homework.xcdatamodeld;
			sourceTree = "<group>";
			versionGroupType = wrapper.xcdatamodel;
		};
/* End XCVersionGroup section */
	};
	rootObject = 128710972BDD1A5500A44B4C /* Project object */;
}
